
Microsoft Visual Studio Solution File, Format Version 10.00
# Visual Studio 2008
Project("{FAE04EC0-301F-11D3-BF4B-00C04F79EFBC}") = "TestsStructureSamples", "TestsStructureSamples\TestsStructureSamples.csproj", "{8BB7FB3F-036F-404F-B30E-D68711BB32D1}"
EndProject
Project("{F2A71F9B-5D33-465A-A702-920D77279786}") = "SpecPrettyPrint", "SpecPrettyPrint\SpecPrettyPrint.fsproj", "{F12EF9A7-C8BA-481B-9E25-93D421AC0B25}"
EndProject
Global
	GlobalSection(SolutionConfigurationPlatforms) = preSolution
		Debug|Any CPU = Debug|Any CPU
		Release|Any CPU = Release|Any CPU
	EndGlobalSection
	GlobalSection(ProjectConfigurationPlatforms) = postSolution
		{8BB7FB3F-036F-404F-B30E-D68711BB32D1}.Debug|Any CPU.ActiveCfg = Debug|Any CPU
		{8BB7FB3F-036F-404F-B30E-D68711BB32D1}.Debug|Any CPU.Build.0 = Debug|Any CPU
		{8BB7FB3F-036F-404F-B30E-D68711BB32D1}.Release|Any CPU.ActiveCfg = Release|Any CPU
		{8BB7FB3F-036F-404F-B30E-D68711BB32D1}.Release|Any CPU.Build.0 = Release|Any CPU
		{F12EF9A7-C8BA-481B-9E25-93D421AC0B25}.Debug|Any CPU.ActiveCfg = Debug|Any CPU
		{F12EF9A7-C8BA-481B-9E25-93D421AC0B25}.Debug|Any CPU.Build.0 = Debug|Any CPU
		{F12EF9A7-C8BA-481B-9E25-93D421AC0B25}.Release|Any CPU.ActiveCfg = Release|Any CPU
		{F12EF9A7-C8BA-481B-9E25-93D421AC0B25}.Release|Any CPU.Build.0 = Release|Any CPU
	EndGlobalSection
	GlobalSection(SolutionProperties) = preSolution
		HideSolutionNode = FALSE
	EndGlobalSection
EndGlobal
